
Microsoft Visual Studio Solution File, Format Version 12.00
# Visual Studio 15
VisualStudioVersion = 15.0.27703.2047
MinimumVisualStudioVersion = 10.0.40219.1
Project("{E53339B2-1760-4266-BCC7-CA923CBCF16C}") = "docker-compose", "docker-compose.dcproj", "{8D4C6A86-E93F-4AE1-A76E-56533D1415F5}"
	ProjectSection(ProjectDependencies) = postProject
		{E10B7108-989B-4DEE-A94A-981B09E166BA} = {E10B7108-989B-4DEE-A94A-981B09E166BA}
		{3918A209-9632-4978-AFA4-AE1E2784D499} = {3918A209-9632-4978-AFA4-AE1E2784D499}
		{3B8E6E2E-92A3-46A7-B008-49A7F7E8D574} = {3B8E6E2E-92A3-46A7-B008-49A7F7E8D574}
		{74818743-E895-4DC3-8872-357F266DB625} = {74818743-E895-4DC3-8872-357F266DB625}
		{E2DDF068-17C2-48B9-ADD8-8675B2BB7B29} = {E2DDF068-17C2-48B9-ADD8-8675B2BB7B29}
		{46FBF4A3-E76E-484B-BF62-EF0DA2CCDBF9} = {46FBF4A3-E76E-484B-BF62-EF0DA2CCDBF9}
		{87899EBA-AFF3-4D04-81E2-DB0D33AD317A} = {87899EBA-AFF3-4D04-81E2-DB0D33AD317A}
		{C89EA5C2-A82A-421B-86E2-A6ACDE406E83} = {C89EA5C2-A82A-421B-86E2-A6ACDE406E83}
	EndProjectSection
EndProject
Project("{2150E333-8FDC-42A3-9474-1A3956D46DE8}") = "Clients", "Clients", "{762A7C1A-F68C-435E-AC73-1A61CFE5DC85}"
EndProject
Project("{2150E333-8FDC-42A3-9474-1A3956D46DE8}") = "Gateways", "Gateways", "{4FDAC632-F84C-4CE7-8CB4-15B79DEFF1BC}"
EndProject
Project("{2150E333-8FDC-42A3-9474-1A3956D46DE8}") = "Services", "Services", "{9B2BA42B-C408-4230-A093-41E3D91CED9B}"
EndProject
Project("{9A19103F-16F7-4668-BE54-9A1E7A4F7556}") = "IdentityService", "Services\IdentityService\IdentityService.csproj", "{46FBF4A3-E76E-484B-BF62-EF0DA2CCDBF9}"
EndProject
Project("{9A19103F-16F7-4668-BE54-9A1E7A4F7556}") = "SearchService", "Services\SearchService\SearchService.csproj", "{C89EA5C2-A82A-421B-86E2-A6ACDE406E83}"
EndProject
Project("{9A19103F-16F7-4668-BE54-9A1E7A4F7556}") = "Events", "Services\Util\IntegrationEvents\Events.csproj", "{F1334674-D27D-4F51-B108-BD32FE0F0D57}"
EndProject
Project("{2150E333-8FDC-42A3-9474-1A3956D46DE8}") = "Util", "Util", "{F22797BA-2849-4E91-8180-F9D71F23B2D3}"
EndProject
Project("{2150E333-8FDC-42A3-9474-1A3956D46DE8}") = "Databases", "Databases", "{7E989873-1E45-4C97-8A76-CA0F6655E480}"
	ProjectSection(SolutionItems) = preProject
		Services\Databases\identity_service_db.sql = Services\Databases\identity_service_db.sql
		Services\Databases\image_service_db.sql = Services\Databases\image_service_db.sql
		Services\Databases\post_service_db.sql = Services\Databases\post_service_db.sql
		Services\Databases\search_service_db.sql = Services\Databases\search_service_db.sql
	EndProjectSection
EndProject
Project("{9A19103F-16F7-4668-BE54-9A1E7A4F7556}") = "ImageService", "Services\ImageService\ImageService.csproj", "{74818743-E895-4DC3-8872-357F266DB625}"
EndProject
Project("{9A19103F-16F7-4668-BE54-9A1E7A4F7556}") = "PostService", "Services\PostService\PostService.csproj", "{E10B7108-989B-4DEE-A94A-981B09E166BA}"
EndProject
Project("{9A19103F-16F7-4668-BE54-9A1E7A4F7556}") = "ClientApplication", "Clients\ClientApplication\ClientApplication.csproj", "{3918A209-9632-4978-AFA4-AE1E2784D499}"
	ProjectSection(ProjectDependencies) = postProject
		{3B8E6E2E-92A3-46A7-B008-49A7F7E8D574} = {3B8E6E2E-92A3-46A7-B008-49A7F7E8D574}
	EndProjectSection
EndProject
Project("{9A19103F-16F7-4668-BE54-9A1E7A4F7556}") = "AdminApplication", "Clients\AdminApplication\AdminApplication.csproj", "{87899EBA-AFF3-4D04-81E2-DB0D33AD317A}"
	ProjectSection(ProjectDependencies) = postProject
		{E2DDF068-17C2-48B9-ADD8-8675B2BB7B29} = {E2DDF068-17C2-48B9-ADD8-8675B2BB7B29}
	EndProjectSection
EndProject
Project("{9A19103F-16F7-4668-BE54-9A1E7A4F7556}") = "ClientGateway", "Gateways\ClientGateway\ClientGateway.csproj", "{3B8E6E2E-92A3-46A7-B008-49A7F7E8D574}"
	ProjectSection(ProjectDependencies) = postProject
		{E10B7108-989B-4DEE-A94A-981B09E166BA} = {E10B7108-989B-4DEE-A94A-981B09E166BA}
		{74818743-E895-4DC3-8872-357F266DB625} = {74818743-E895-4DC3-8872-357F266DB625}
		{46FBF4A3-E76E-484B-BF62-EF0DA2CCDBF9} = {46FBF4A3-E76E-484B-BF62-EF0DA2CCDBF9}
		{C89EA5C2-A82A-421B-86E2-A6ACDE406E83} = {C89EA5C2-A82A-421B-86E2-A6ACDE406E83}
	EndProjectSection
EndProject
Project("{9A19103F-16F7-4668-BE54-9A1E7A4F7556}") = "AdminGateway", "Gateways\AdminGateway\AdminGateway.csproj", "{E2DDF068-17C2-48B9-ADD8-8675B2BB7B29}"
	ProjectSection(ProjectDependencies) = postProject
		{E10B7108-989B-4DEE-A94A-981B09E166BA} = {E10B7108-989B-4DEE-A94A-981B09E166BA}
		{74818743-E895-4DC3-8872-357F266DB625} = {74818743-E895-4DC3-8872-357F266DB625}
		{46FBF4A3-E76E-484B-BF62-EF0DA2CCDBF9} = {46FBF4A3-E76E-484B-BF62-EF0DA2CCDBF9}
		{C89EA5C2-A82A-421B-86E2-A6ACDE406E83} = {C89EA5C2-A82A-421B-86E2-A6ACDE406E83}
	EndProjectSection
EndProject
Project("{2150E333-8FDC-42A3-9474-1A3956D46DE8}") = "Util", "Util", "{75CF1448-62D7-44C9-B3CB-C69B4B20C962}"
EndProject
Project("{9A19103F-16F7-4668-BE54-9A1E7A4F7556}") = "Http", "Gateways\Util\Http\Http.csproj", "{1655DCC2-9546-425D-8D95-20B0751115DE}"
EndProject
Project("{FAE04EC0-301F-11D3-BF4B-00C04F79EFBC}") = "Api", "Gateways\Util\Api\Api.csproj", "{4C631B79-8F48-4698-BBCE-0C1B850A3CAE}"
EndProject
Global
	GlobalSection(SolutionConfigurationPlatforms) = preSolution
		Debug|Any CPU = Debug|Any CPU
		Release|Any CPU = Release|Any CPU
	EndGlobalSection
	GlobalSection(ProjectConfigurationPlatforms) = postSolution
		{8D4C6A86-E93F-4AE1-A76E-56533D1415F5}.Debug|Any CPU.ActiveCfg = Debug|Any CPU
		{8D4C6A86-E93F-4AE1-A76E-56533D1415F5}.Debug|Any CPU.Build.0 = Debug|Any CPU
		{8D4C6A86-E93F-4AE1-A76E-56533D1415F5}.Release|Any CPU.ActiveCfg = Release|Any CPU
		{8D4C6A86-E93F-4AE1-A76E-56533D1415F5}.Release|Any CPU.Build.0 = Release|Any CPU
		{46FBF4A3-E76E-484B-BF62-EF0DA2CCDBF9}.Debug|Any CPU.ActiveCfg = Debug|Any CPU
		{46FBF4A3-E76E-484B-BF62-EF0DA2CCDBF9}.Debug|Any CPU.Build.0 = Debug|Any CPU
		{46FBF4A3-E76E-484B-BF62-EF0DA2CCDBF9}.Release|Any CPU.ActiveCfg = Release|Any CPU
		{46FBF4A3-E76E-484B-BF62-EF0DA2CCDBF9}.Release|Any CPU.Build.0 = Release|Any CPU
		{C89EA5C2-A82A-421B-86E2-A6ACDE406E83}.Debug|Any CPU.ActiveCfg = Debug|Any CPU
		{C89EA5C2-A82A-421B-86E2-A6ACDE406E83}.Debug|Any CPU.Build.0 = Debug|Any CPU
		{C89EA5C2-A82A-421B-86E2-A6ACDE406E83}.Release|Any CPU.ActiveCfg = Release|Any CPU
		{C89EA5C2-A82A-421B-86E2-A6ACDE406E83}.Release|Any CPU.Build.0 = Release|Any CPU
		{F1334674-D27D-4F51-B108-BD32FE0F0D57}.Debug|Any CPU.ActiveCfg = Debug|Any CPU
		{F1334674-D27D-4F51-B108-BD32FE0F0D57}.Debug|Any CPU.Build.0 = Debug|Any CPU
		{F1334674-D27D-4F51-B108-BD32FE0F0D57}.Release|Any CPU.ActiveCfg = Release|Any CPU
		{F1334674-D27D-4F51-B108-BD32FE0F0D57}.Release|Any CPU.Build.0 = Release|Any CPU
		{74818743-E895-4DC3-8872-357F266DB625}.Debug|Any CPU.ActiveCfg = Debug|Any CPU
		{74818743-E895-4DC3-8872-357F266DB625}.Debug|Any CPU.Build.0 = Debug|Any CPU
		{74818743-E895-4DC3-8872-357F266DB625}.Release|Any CPU.ActiveCfg = Release|Any CPU
		{74818743-E895-4DC3-8872-357F266DB625}.Release|Any CPU.Build.0 = Release|Any CPU
		{E10B7108-989B-4DEE-A94A-981B09E166BA}.Debug|Any CPU.ActiveCfg = Debug|Any CPU
		{E10B7108-989B-4DEE-A94A-981B09E166BA}.Debug|Any CPU.Build.0 = Debug|Any CPU
		{E10B7108-989B-4DEE-A94A-981B09E166BA}.Release|Any CPU.ActiveCfg = Release|Any CPU
		{E10B7108-989B-4DEE-A94A-981B09E166BA}.Release|Any CPU.Build.0 = Release|Any CPU
		{3918A209-9632-4978-AFA4-AE1E2784D499}.Debug|Any CPU.ActiveCfg = Debug|Any CPU
		{3918A209-9632-4978-AFA4-AE1E2784D499}.Debug|Any CPU.Build.0 = Debug|Any CPU
		{3918A209-9632-4978-AFA4-AE1E2784D499}.Release|Any CPU.ActiveCfg = Release|Any CPU
		{3918A209-9632-4978-AFA4-AE1E2784D499}.Release|Any CPU.Build.0 = Release|Any CPU
		{87899EBA-AFF3-4D04-81E2-DB0D33AD317A}.Debug|Any CPU.ActiveCfg = Debug|Any CPU
		{87899EBA-AFF3-4D04-81E2-DB0D33AD317A}.Debug|Any CPU.Build.0 = Debug|Any CPU
		{87899EBA-AFF3-4D04-81E2-DB0D33AD317A}.Release|Any CPU.ActiveCfg = Release|Any CPU
		{87899EBA-AFF3-4D04-81E2-DB0D33AD317A}.Release|Any CPU.Build.0 = Release|Any CPU
		{3B8E6E2E-92A3-46A7-B008-49A7F7E8D574}.Debug|Any CPU.ActiveCfg = Debug|Any CPU
		{3B8E6E2E-92A3-46A7-B008-49A7F7E8D574}.Debug|Any CPU.Build.0 = Debug|Any CPU
		{3B8E6E2E-92A3-46A7-B008-49A7F7E8D574}.Release|Any CPU.ActiveCfg = Release|Any CPU
		{3B8E6E2E-92A3-46A7-B008-49A7F7E8D574}.Release|Any CPU.Build.0 = Release|Any CPU
		{E2DDF068-17C2-48B9-ADD8-8675B2BB7B29}.Debug|Any CPU.ActiveCfg = Debug|Any CPU
		{E2DDF068-17C2-48B9-ADD8-8675B2BB7B29}.Debug|Any CPU.Build.0 = Debug|Any CPU
		{E2DDF068-17C2-48B9-ADD8-8675B2BB7B29}.Release|Any CPU.ActiveCfg = Release|Any CPU
		{E2DDF068-17C2-48B9-ADD8-8675B2BB7B29}.Release|Any CPU.Build.0 = Release|Any CPU
		{1655DCC2-9546-425D-8D95-20B0751115DE}.Debug|Any CPU.ActiveCfg = Debug|Any CPU
		{1655DCC2-9546-425D-8D95-20B0751115DE}.Debug|Any CPU.Build.0 = Debug|Any CPU
		{1655DCC2-9546-425D-8D95-20B0751115DE}.Release|Any CPU.ActiveCfg = Release|Any CPU
		{1655DCC2-9546-425D-8D95-20B0751115DE}.Release|Any CPU.Build.0 = Release|Any CPU
		{4C631B79-8F48-4698-BBCE-0C1B850A3CAE}.Debug|Any CPU.ActiveCfg = Debug|Any CPU
		{4C631B79-8F48-4698-BBCE-0C1B850A3CAE}.Debug|Any CPU.Build.0 = Debug|Any CPU
		{4C631B79-8F48-4698-BBCE-0C1B850A3CAE}.Release|Any CPU.ActiveCfg = Release|Any CPU
		{4C631B79-8F48-4698-BBCE-0C1B850A3CAE}.Release|Any CPU.Build.0 = Release|Any CPU
	EndGlobalSection
	GlobalSection(SolutionProperties) = preSolution
		HideSolutionNode = FALSE
	EndGlobalSection
	GlobalSection(NestedProjects) = preSolution
		{46FBF4A3-E76E-484B-BF62-EF0DA2CCDBF9} = {9B2BA42B-C408-4230-A093-41E3D91CED9B}
		{C89EA5C2-A82A-421B-86E2-A6ACDE406E83} = {9B2BA42B-C408-4230-A093-41E3D91CED9B}
		{F1334674-D27D-4F51-B108-BD32FE0F0D57} = {F22797BA-2849-4E91-8180-F9D71F23B2D3}
		{F22797BA-2849-4E91-8180-F9D71F23B2D3} = {9B2BA42B-C408-4230-A093-41E3D91CED9B}
		{7E989873-1E45-4C97-8A76-CA0F6655E480} = {9B2BA42B-C408-4230-A093-41E3D91CED9B}
		{74818743-E895-4DC3-8872-357F266DB625} = {9B2BA42B-C408-4230-A093-41E3D91CED9B}
		{E10B7108-989B-4DEE-A94A-981B09E166BA} = {9B2BA42B-C408-4230-A093-41E3D91CED9B}
		{3918A209-9632-4978-AFA4-AE1E2784D499} = {762A7C1A-F68C-435E-AC73-1A61CFE5DC85}
		{87899EBA-AFF3-4D04-81E2-DB0D33AD317A} = {762A7C1A-F68C-435E-AC73-1A61CFE5DC85}
		{3B8E6E2E-92A3-46A7-B008-49A7F7E8D574} = {4FDAC632-F84C-4CE7-8CB4-15B79DEFF1BC}
		{E2DDF068-17C2-48B9-ADD8-8675B2BB7B29} = {4FDAC632-F84C-4CE7-8CB4-15B79DEFF1BC}
		{75CF1448-62D7-44C9-B3CB-C69B4B20C962} = {4FDAC632-F84C-4CE7-8CB4-15B79DEFF1BC}
		{1655DCC2-9546-425D-8D95-20B0751115DE} = {75CF1448-62D7-44C9-B3CB-C69B4B20C962}
		{4C631B79-8F48-4698-BBCE-0C1B850A3CAE} = {75CF1448-62D7-44C9-B3CB-C69B4B20C962}
	EndGlobalSection
	GlobalSection(ExtensibilityGlobals) = postSolution
		SolutionGuid = {E6B54E34-EEE9-4F79-98A6-D0B925820137}
	EndGlobalSection
EndGlobal
